
Microsoft Visual Studio Solution File, Format Version 12.00
# Visual Studio Version 17
VisualStudioVersion = 17.9.34728.123
MinimumVisualStudioVersion = 10.0.40219.1
Project("{FAE04EC0-301F-11D3-BF4B-00C04F79EFBC}") = "OwnersAssociationCore", "OwnersAssociationCore\OwnersAssociationCore.csproj", "{02020EAB-ECA9-4A42-9C8E-2D5DF5926D37}"
EndProject
Project("{FAE04EC0-301F-11D3-BF4B-00C04F79EFBC}") = "OwnersAssociationManagement", "OwnersAssociationManagement\OwnersAssociationManagement.csproj", "{8C211757-E181-447D-B566-228F1206E0ED}"
EndProject
Project("{FAE04EC0-301F-11D3-BF4B-00C04F79EFBC}") = "OwnersAssociationUI", "OwnersAssociationUI\OwnersAssociationUI.csproj", "{C113B362-A6F1-4E8E-8E18-38EDFD703C22}"
EndProject
Global
	GlobalSection(SolutionConfigurationPlatforms) = preSolution
		Debug|Any CPU = Debug|Any CPU
		Release|Any CPU = Release|Any CPU
	EndGlobalSection
	GlobalSection(ProjectConfigurationPlatforms) = postSolution
		{02020EAB-ECA9-4A42-9C8E-2D5DF5926D37}.Debug|Any CPU.ActiveCfg = Debug|Any CPU
		{02020EAB-ECA9-4A42-9C8E-2D5DF5926D37}.Debug|Any CPU.Build.0 = Debug|Any CPU
		{02020EAB-ECA9-4A42-9C8E-2D5DF5926D37}.Release|Any CPU.ActiveCfg = Release|Any CPU
		{02020EAB-ECA9-4A42-9C8E-2D5DF5926D37}.Release|Any CPU.Build.0 = Release|Any CPU
		{8C211757-E181-447D-B566-228F1206E0ED}.Debug|Any CPU.ActiveCfg = Debug|Any CPU
		{8C211757-E181-447D-B566-228F1206E0ED}.Debug|Any CPU.Build.0 = Debug|Any CPU
		{8C211757-E181-447D-B566-228F1206E0ED}.Release|Any CPU.ActiveCfg = Release|Any CPU
		{8C211757-E181-447D-B566-228F1206E0ED}.Release|Any CPU.Build.0 = Release|Any CPU
		{C113B362-A6F1-4E8E-8E18-38EDFD703C22}.Debug|Any CPU.ActiveCfg = Debug|Any CPU
		{C113B362-A6F1-4E8E-8E18-38EDFD703C22}.Debug|Any CPU.Build.0 = Debug|Any CPU
		{C113B362-A6F1-4E8E-8E18-38EDFD703C22}.Release|Any CPU.ActiveCfg = Release|Any CPU
		{C113B362-A6F1-4E8E-8E18-38EDFD703C22}.Release|Any CPU.Build.0 = Release|Any CPU
	EndGlobalSection
	GlobalSection(SolutionProperties) = preSolution
		HideSolutionNode = FALSE
	EndGlobalSection
	GlobalSection(ExtensibilityGlobals) = postSolution
		SolutionGuid = {513CFAD2-5E83-4236-8C2B-73E29EB9017C}
	EndGlobalSection
EndGlobal
